
Microsoft Visual Studio Solution File, Format Version 12.00
# Visual Studio for Mac
Project("{FAE04EC0-301F-11D3-BF4B-00C04F79EFBC}") = "NewAssembly", "NewAssembly.csproj", "{A13D1A58-49CF-6C5C-FD58-85C8BD53ECD2}"
EndProject
Project("{FAE04EC0-301F-11D3-BF4B-00C04F79EFBC}") = "Tests", "Tests.csproj", "{5F738128-DC5D-21A8-1942-FACA98A4065D}"
EndProject
Global
	GlobalSection(SolutionConfigurationPlatforms) = preSolution
		Debug|Any CPU = Debug|Any CPU
		Release|Any CPU = Release|Any CPU
	EndGlobalSection
	GlobalSection(ProjectConfigurationPlatforms) = postSolution
		{A13D1A58-49CF-6C5C-FD58-85C8BD53ECD2}.Debug|Any CPU.ActiveCfg = Debug|Any CPU
		{A13D1A58-49CF-6C5C-FD58-85C8BD53ECD2}.Debug|Any CPU.Build.0 = Debug|Any CPU
		{A13D1A58-49CF-6C5C-FD58-85C8BD53ECD2}.Release|Any CPU.ActiveCfg = Release|Any CPU
		{A13D1A58-49CF-6C5C-FD58-85C8BD53ECD2}.Release|Any CPU.Build.0 = Release|Any CPU
		{5F738128-DC5D-21A8-1942-FACA98A4065D}.Debug|Any CPU.ActiveCfg = Debug|Any CPU
		{5F738128-DC5D-21A8-1942-FACA98A4065D}.Debug|Any CPU.Build.0 = Debug|Any CPU
		{5F738128-DC5D-21A8-1942-FACA98A4065D}.Release|Any CPU.ActiveCfg = Release|Any CPU
		{5F738128-DC5D-21A8-1942-FACA98A4065D}.Release|Any CPU.Build.0 = Release|Any CPU
	EndGlobalSection
	GlobalSection(SolutionProperties) = preSolution
		HideSolutionNode = FALSE
	EndGlobalSection
EndGlobal
